
Microsoft Visual Studio Solution File, Format Version 12.00
# Visual Studio Version 17
VisualStudioVersion = 17.14.36408.4
MinimumVisualStudioVersion = 10.0.40219.1
Project("{FAE04EC0-301F-11D3-BF4B-00C04F79EFBC}") = "BillCalculationAPI", "BillCalculationAPI.csproj", "{59B38469-71A2-497C-B483-20346057E471}"
EndProject
Project("{FAE04EC0-301F-11D3-BF4B-00C04F79EFBC}") = "BillCalculation.DataAccess", "..\BillCalculation.DataAccess\BillCalculation.DataAccess.csproj", "{6F38522F-EE46-49D7-9435-BE9C781ABD2C}"
EndProject
Project("{FAE04EC0-301F-11D3-BF4B-00C04F79EFBC}") = "BillCalculation.Service", "..\BillCalculation.Service\BillCalculation.Service.csproj", "{E0BDA89A-0A42-414C-A79A-42FF334FB400}"
EndProject
Project("{FAE04EC0-301F-11D3-BF4B-00C04F79EFBC}") = "BillCalculation.Foundation", "..\BillCalculation.Foundation\BillCalculation.Foundation.csproj", "{4705F635-62E9-41B4-99B4-778FBDAF272D}"
EndProject
Project("{FAE04EC0-301F-11D3-BF4B-00C04F79EFBC}") = "BillCalculation.Domain", "..\BillCalculation.Domain\BillCalculation.Domain.csproj", "{EBBBB58A-3846-4565-8BE3-450529E5E669}"
EndProject
Global
	GlobalSection(SolutionConfigurationPlatforms) = preSolution
		Debug|Any CPU = Debug|Any CPU
		Release|Any CPU = Release|Any CPU
	EndGlobalSection
	GlobalSection(ProjectConfigurationPlatforms) = postSolution
		{59B38469-71A2-497C-B483-20346057E471}.Debug|Any CPU.ActiveCfg = Debug|Any CPU
		{59B38469-71A2-497C-B483-20346057E471}.Debug|Any CPU.Build.0 = Debug|Any CPU
		{59B38469-71A2-497C-B483-20346057E471}.Release|Any CPU.ActiveCfg = Release|Any CPU
		{59B38469-71A2-497C-B483-20346057E471}.Release|Any CPU.Build.0 = Release|Any CPU
		{6F38522F-EE46-49D7-9435-BE9C781ABD2C}.Debug|Any CPU.ActiveCfg = Debug|Any CPU
		{6F38522F-EE46-49D7-9435-BE9C781ABD2C}.Debug|Any CPU.Build.0 = Debug|Any CPU
		{6F38522F-EE46-49D7-9435-BE9C781ABD2C}.Release|Any CPU.ActiveCfg = Release|Any CPU
		{6F38522F-EE46-49D7-9435-BE9C781ABD2C}.Release|Any CPU.Build.0 = Release|Any CPU
		{E0BDA89A-0A42-414C-A79A-42FF334FB400}.Debug|Any CPU.ActiveCfg = Debug|Any CPU
		{E0BDA89A-0A42-414C-A79A-42FF334FB400}.Debug|Any CPU.Build.0 = Debug|Any CPU
		{E0BDA89A-0A42-414C-A79A-42FF334FB400}.Release|Any CPU.ActiveCfg = Release|Any CPU
		{E0BDA89A-0A42-414C-A79A-42FF334FB400}.Release|Any CPU.Build.0 = Release|Any CPU
		{4705F635-62E9-41B4-99B4-778FBDAF272D}.Debug|Any CPU.ActiveCfg = Debug|Any CPU
		{4705F635-62E9-41B4-99B4-778FBDAF272D}.Debug|Any CPU.Build.0 = Debug|Any CPU
		{4705F635-62E9-41B4-99B4-778FBDAF272D}.Release|Any CPU.ActiveCfg = Release|Any CPU
		{4705F635-62E9-41B4-99B4-778FBDAF272D}.Release|Any CPU.Build.0 = Release|Any CPU
		{EBBBB58A-3846-4565-8BE3-450529E5E669}.Debug|Any CPU.ActiveCfg = Debug|Any CPU
		{EBBBB58A-3846-4565-8BE3-450529E5E669}.Debug|Any CPU.Build.0 = Debug|Any CPU
		{EBBBB58A-3846-4565-8BE3-450529E5E669}.Release|Any CPU.ActiveCfg = Release|Any CPU
		{EBBBB58A-3846-4565-8BE3-450529E5E669}.Release|Any CPU.Build.0 = Release|Any CPU
	EndGlobalSection
	GlobalSection(SolutionProperties) = preSolution
		HideSolutionNode = FALSE
	EndGlobalSection
	GlobalSection(ExtensibilityGlobals) = postSolution
		SolutionGuid = {8CCF44F2-7992-4782-894F-72453F73B9FF}
	EndGlobalSection
EndGlobal
